# THIS IS AN AUTOGENERATED FILE. DO NOT EDIT THIS FILE DIRECTLY.
# yarn lockfile v1


"@babel/runtime@^7.7.6":
  version "7.8.3"
  resolved "https://registry.yarnpkg.com/@babel/runtime/-/runtime-7.8.3.tgz#0811944f73a6c926bb2ad35e918dcc1bfab279f1"
  dependencies:
    regenerator-runtime "^0.13.2"

"@pixi/accessibility@^5.2.0":
  version "5.2.0"
  resolved "https://registry.yarnpkg.com/@pixi/accessibility/-/accessibility-5.2.0.tgz#e59a876e1ceaf149811fe225e171f16cc2ccbef6"
  dependencies:
    "@pixi/core" "^5.2.0"
    "@pixi/display" "^5.2.0"
    "@pixi/utils" "^5.2.0"

"@pixi/app@^5.2.0":
  version "5.2.0"
  resolved "https://registry.yarnpkg.com/@pixi/app/-/app-5.2.0.tgz#dd216fd3cfc2e290fbf62200639bc8ee3738ba3e"
  dependencies:
    "@pixi/core" "^5.2.0"
    "@pixi/display" "^5.2.0"

"@pixi/constants@^5.2.0":
  version "5.2.0"
  resolved "https://registry.yarnpkg.com/@pixi/constants/-/constants-5.2.0.tgz#2ddf7aa62d01412136f973dc9f316d0aabd845ba"

"@pixi/core@^5.2.0":
  version "5.2.0"
  resolved "https://registry.yarnpkg.com/@pixi/core/-/core-5.2.0.tgz#5c89e52f96ebf95bf3408dd783d796972d7ccd58"
  dependencies:
    "@pixi/constants" "^5.2.0"
    "@pixi/display" "^5.2.0"
    "@pixi/math" "^5.2.0"
    "@pixi/runner" "^5.2.0"
    "@pixi/settings" "^5.2.0"
    "@pixi/ticker" "^5.2.0"
    "@pixi/utils" "^5.2.0"

"@pixi/display@^5.2.0":
  version "5.2.0"
  resolved "https://registry.yarnpkg.com/@pixi/display/-/display-5.2.0.tgz#f6ca47c10db1379b62091e664b7a3a70c095e814"
  dependencies:
    "@pixi/math" "^5.2.0"
    "@pixi/settings" "^5.2.0"
    "@pixi/utils" "^5.2.0"

"@pixi/extract@^5.2.0":
  version "5.2.0"
  resolved "https://registry.yarnpkg.com/@pixi/extract/-/extract-5.2.0.tgz#ba44745380f40b104543871de4db09b6d2d09f7a"
  dependencies:
    "@pixi/core" "^5.2.0"
    "@pixi/math" "^5.2.0"
    "@pixi/utils" "^5.2.0"

"@pixi/filter-alpha@^5.2.0":
  version "5.2.0"
  resolved "https://registry.yarnpkg.com/@pixi/filter-alpha/-/filter-alpha-5.2.0.tgz#a0b028655ee95a9d76963a85d7e78c6742113b3c"
  dependencies:
    "@pixi/core" "^5.2.0"

"@pixi/filter-blur@^5.2.0":
  version "5.2.0"
  resolved "https://registry.yarnpkg.com/@pixi/filter-blur/-/filter-blur-5.2.0.tgz#a926b9e16abfab51dfb1bef2483ffb24cf02727d"
  dependencies:
    "@pixi/core" "^5.2.0"
    "@pixi/settings" "^5.2.0"

"@pixi/filter-color-matrix@^5.2.0":
  version "5.2.0"
  resolved "https://registry.yarnpkg.com/@pixi/filter-color-matrix/-/filter-color-matrix-5.2.0.tgz#ae4685c1778388ea7aed23417180846a08653dfb"
  dependencies:
    "@pixi/core" "^5.2.0"

"@pixi/filter-displacement@^5.2.0":
  version "5.2.0"
  resolved "https://registry.yarnpkg.com/@pixi/filter-displacement/-/filter-displacement-5.2.0.tgz#c2420393ac8ae9dd91ea6fb7426f48b5f201c224"
  dependencies:
    "@pixi/core" "^5.2.0"
    "@pixi/math" "^5.2.0"

"@pixi/filter-fxaa@^5.2.0":
  version "5.2.0"
  resolved "https://registry.yarnpkg.com/@pixi/filter-fxaa/-/filter-fxaa-5.2.0.tgz#57d8579cd806831763790179315ee37e69f6e2e6"
  dependencies:
    "@pixi/core" "^5.2.0"

"@pixi/filter-noise@^5.2.0":
  version "5.2.0"
  resolved "https://registry.yarnpkg.com/@pixi/filter-noise/-/filter-noise-5.2.0.tgz#6164828292a80a3ffc878507fcfa4f6fc8bf7fa1"
  dependencies:
    "@pixi/core" "^5.2.0"

"@pixi/graphics@^5.2.0":
  version "5.2.0"
  resolved "https://registry.yarnpkg.com/@pixi/graphics/-/graphics-5.2.0.tgz#d1a976f0257d53dd6adf5617f38a45268f0d0b96"
  dependencies:
    "@pixi/constants" "^5.2.0"
    "@pixi/core" "^5.2.0"
    "@pixi/display" "^5.2.0"
    "@pixi/math" "^5.2.0"
    "@pixi/sprite" "^5.2.0"
    "@pixi/utils" "^5.2.0"

"@pixi/interaction@^5.2.0":
  version "5.2.0"
  resolved "https://registry.yarnpkg.com/@pixi/interaction/-/interaction-5.2.0.tgz#c2598c86cfde8d68ee141fce861ee35e3a5950c0"
  dependencies:
    "@pixi/core" "^5.2.0"
    "@pixi/display" "^5.2.0"
    "@pixi/math" "^5.2.0"
    "@pixi/ticker" "^5.2.0"
    "@pixi/utils" "^5.2.0"

"@pixi/loaders@^5.2.0":
  version "5.2.0"
  resolved "https://registry.yarnpkg.com/@pixi/loaders/-/loaders-5.2.0.tgz#803a72395516428d38d131d1aac5b0008cf3148c"
  dependencies:
    "@pixi/core" "^5.2.0"
    "@pixi/utils" "^5.2.0"
    resource-loader "^3.0.1"

"@pixi/math@^5.2.0":
  version "5.2.0"
  resolved "https://registry.yarnpkg.com/@pixi/math/-/math-5.2.0.tgz#4c853b8621a31791be6ade9cdfcd4168c69b8079"

"@pixi/mesh-extras@^5.2.0":
  version "5.2.0"
  resolved "https://registry.yarnpkg.com/@pixi/mesh-extras/-/mesh-extras-5.2.0.tgz#3c595ae56c33716a13c8c3a2b95794a70591dd98"
  dependencies:
    "@pixi/constants" "^5.2.0"
    "@pixi/core" "^5.2.0"
    "@pixi/math" "^5.2.0"
    "@pixi/mesh" "^5.2.0"
    "@pixi/utils" "^5.2.0"

"@pixi/mesh@^5.2.0":
  version "5.2.0"
  resolved "https://registry.yarnpkg.com/@pixi/mesh/-/mesh-5.2.0.tgz#6e5f085e9959337b267b4712e54d860ece28b482"
  dependencies:
    "@pixi/constants" "^5.2.0"
    "@pixi/core" "^5.2.0"
    "@pixi/display" "^5.2.0"
    "@pixi/math" "^5.2.0"
    "@pixi/settings" "^5.2.0"
    "@pixi/utils" "^5.2.0"

"@pixi/mixin-cache-as-bitmap@^5.2.0":
  version "5.2.0"
  resolved "https://registry.yarnpkg.com/@pixi/mixin-cache-as-bitmap/-/mixin-cache-as-bitmap-5.2.0.tgz#349cf4436d2d2bea25cf45b4e0f45d5339e191a7"
  dependencies:
    "@pixi/core" "^5.2.0"
    "@pixi/display" "^5.2.0"
    "@pixi/math" "^5.2.0"
    "@pixi/settings" "^5.2.0"
    "@pixi/sprite" "^5.2.0"
    "@pixi/utils" "^5.2.0"

"@pixi/mixin-get-child-by-name@^5.2.0":
  version "5.2.0"
  resolved "https://registry.yarnpkg.com/@pixi/mixin-get-child-by-name/-/mixin-get-child-by-name-5.2.0.tgz#857903c42e36aab01e80d0ae5cb9e8877bee3212"
  dependencies:
    "@pixi/display" "^5.2.0"

"@pixi/mixin-get-global-position@^5.2.0":
  version "5.2.0"
  resolved "https://registry.yarnpkg.com/@pixi/mixin-get-global-position/-/mixin-get-global-position-5.2.0.tgz#42adc4a0ba9c02186d3ab5964744bdd316cea2a6"
  dependencies:
    "@pixi/display" "^5.2.0"
    "@pixi/math" "^5.2.0"

"@pixi/particles@^5.2.0":
  version "5.2.0"
  resolved "https://registry.yarnpkg.com/@pixi/particles/-/particles-5.2.0.tgz#c9671886bc91acdd318b56cc09cdf2f7981a1ca1"
  dependencies:
    "@pixi/constants" "^5.2.0"
    "@pixi/core" "^5.2.0"
    "@pixi/display" "^5.2.0"
    "@pixi/math" "^5.2.0"
    "@pixi/utils" "^5.2.0"

"@pixi/polyfill@^5.2.0":
  version "5.2.0"
  resolved "https://registry.yarnpkg.com/@pixi/polyfill/-/polyfill-5.2.0.tgz#69476c8b3432ee661dacff1a73d0887de0d8ef3e"
  dependencies:
    es6-promise-polyfill "^1.2.0"
    object-assign "^4.1.1"

"@pixi/prepare@^5.2.0":
  version "5.2.0"
  resolved "https://registry.yarnpkg.com/@pixi/prepare/-/prepare-5.2.0.tgz#c62411f986b61e055f9906a784315fa9114e835a"
  dependencies:
    "@pixi/core" "^5.2.0"
    "@pixi/display" "^5.2.0"
    "@pixi/graphics" "^5.2.0"
    "@pixi/settings" "^5.2.0"
    "@pixi/text" "^5.2.0"
    "@pixi/ticker" "^5.2.0"

"@pixi/runner@^5.2.0":
  version "5.2.0"
  resolved "https://registry.yarnpkg.com/@pixi/runner/-/runner-5.2.0.tgz#b93688e2ed22f59b1c779be450730f383cae5691"

"@pixi/settings@^5.2.0":
  version "5.2.0"
  resolved "https://registry.yarnpkg.com/@pixi/settings/-/settings-5.2.0.tgz#34e2a9ad25b34be75226846417c806a40d6c6615"
  dependencies:
    ismobilejs "^0.5.1"

"@pixi/sprite-animated@^5.2.0":
  version "5.2.0"
  resolved "https://registry.yarnpkg.com/@pixi/sprite-animated/-/sprite-animated-5.2.0.tgz#e13a1fa112e07f2422cb510c359bb6e5d2ba8f6b"
  dependencies:
    "@pixi/core" "^5.2.0"
    "@pixi/sprite" "^5.2.0"
    "@pixi/ticker" "^5.2.0"

"@pixi/sprite-tiling@^5.2.0":
  version "5.2.0"
  resolved "https://registry.yarnpkg.com/@pixi/sprite-tiling/-/sprite-tiling-5.2.0.tgz#194b4be9c7a3a99f4723d4614948efdfe970dab4"
  dependencies:
    "@pixi/constants" "^5.2.0"
    "@pixi/core" "^5.2.0"
    "@pixi/display" "^5.2.0"
    "@pixi/math" "^5.2.0"
    "@pixi/sprite" "^5.2.0"
    "@pixi/utils" "^5.2.0"

"@pixi/sprite@^5.2.0":
  version "5.2.0"
  resolved "https://registry.yarnpkg.com/@pixi/sprite/-/sprite-5.2.0.tgz#7829a43c801e49a616c20f68179df4336643a304"
  dependencies:
    "@pixi/constants" "^5.2.0"
    "@pixi/core" "^5.2.0"
    "@pixi/display" "^5.2.0"
    "@pixi/math" "^5.2.0"
    "@pixi/settings" "^5.2.0"
    "@pixi/utils" "^5.2.0"

"@pixi/spritesheet@^5.2.0":
  version "5.2.0"
  resolved "https://registry.yarnpkg.com/@pixi/spritesheet/-/spritesheet-5.2.0.tgz#bf4c2e85b53fd3a4c8deb6b0f6022300d5cba4f0"
  dependencies:
    "@pixi/core" "^5.2.0"
    "@pixi/loaders" "^5.2.0"
    "@pixi/math" "^5.2.0"
    "@pixi/utils" "^5.2.0"

"@pixi/text-bitmap@^5.2.0":
  version "5.2.0"
  resolved "https://registry.yarnpkg.com/@pixi/text-bitmap/-/text-bitmap-5.2.0.tgz#a787908ceb8639070b9377704bc3317a11bcf187"
  dependencies:
    "@pixi/core" "^5.2.0"
    "@pixi/display" "^5.2.0"
    "@pixi/loaders" "^5.2.0"
    "@pixi/math" "^5.2.0"
    "@pixi/settings" "^5.2.0"
    "@pixi/sprite" "^5.2.0"
    "@pixi/utils" "^5.2.0"

"@pixi/text@^5.2.0":
  version "5.2.0"
  resolved "https://registry.yarnpkg.com/@pixi/text/-/text-5.2.0.tgz#9b8db4532d353be617f7c60b461214ba1aaf9979"
  dependencies:
    "@pixi/core" "^5.2.0"
    "@pixi/math" "^5.2.0"
    "@pixi/settings" "^5.2.0"
    "@pixi/sprite" "^5.2.0"
    "@pixi/utils" "^5.2.0"

"@pixi/ticker@^5.2.0":
  version "5.2.0"
  resolved "https://registry.yarnpkg.com/@pixi/ticker/-/ticker-5.2.0.tgz#6e0dae872d0c7dc5458067c10fd6743b0ce15960"
  dependencies:
    "@pixi/settings" "^5.2.0"

"@pixi/utils@^5.2.0":
  version "5.2.0"
  resolved "https://registry.yarnpkg.com/@pixi/utils/-/utils-5.2.0.tgz#11a8f00c6e52292cad7bd37110a4a2ec2571ea6c"
  dependencies:
    "@pixi/constants" "^5.2.0"
    "@pixi/settings" "^5.2.0"
    earcut "^2.1.5"
    eventemitter3 "^3.1.0"
    url "^0.11.0"

earcut@^2.1.5:
  version "2.2.2"
  resolved "https://registry.yarnpkg.com/earcut/-/earcut-2.2.2.tgz#41b0bc35f63e0fe80da7cddff28511e7e2e80d11"

es6-promise-polyfill@^1.2.0:
  version "1.2.0"
  resolved "https://registry.yarnpkg.com/es6-promise-polyfill/-/es6-promise-polyfill-1.2.0.tgz#f38925f23cb3e3e8ce6cda8ff774fcebbb090cde"

eventemitter3@^3.1.0:
  version "3.1.2"
  resolved "https://registry.yarnpkg.com/eventemitter3/-/eventemitter3-3.1.2.tgz#2d3d48f9c346698fce83a85d7d664e98535df6e7"

fast-deep-equal@^3.1.1:
  version "3.1.1"
  resolved "https://registry.yarnpkg.com/fast-deep-equal/-/fast-deep-equal-3.1.1.tgz#545145077c501491e33b15ec408c294376e94ae4"

hoist-non-react-statics@^3.3.1:
  version "3.3.1"
  resolved "https://registry.yarnpkg.com/hoist-non-react-statics/-/hoist-non-react-statics-3.3.1.tgz#101685d3aff3b23ea213163f6e8e12f4f111e19f"
  dependencies:
    react-is "^16.7.0"

ismobilejs@^0.5.1:
  version "0.5.2"
  resolved "https://registry.yarnpkg.com/ismobilejs/-/ismobilejs-0.5.2.tgz#e81bacf6187c532ad8348355f4fecd6e6adfdce1"

"js-tokens@^3.0.0 || ^4.0.0":
  version "4.0.0"
  resolved "https://registry.yarnpkg.com/js-tokens/-/js-tokens-4.0.0.tgz#19203fb59991df98e3a287050d4647cdeaf32499"

leaflet-pixi-overlay@^1.8.1:
  version "1.8.1"
  resolved "https://registry.yarnpkg.com/leaflet-pixi-overlay/-/leaflet-pixi-overlay-1.8.1.tgz#540645b1136512f7e63fd1f781bbffb2f5bf0df9"

leaflet@^1.6.0:
  version "1.6.0"
  resolved "https://registry.yarnpkg.com/leaflet/-/leaflet-1.6.0.tgz#aecbb044b949ec29469eeb31c77a88e2f448f308"

loose-envify@^1.0.0, loose-envify@^1.1.0, loose-envify@^1.4.0:
  version "1.4.0"
  resolved "https://registry.yarnpkg.com/loose-envify/-/loose-envify-1.4.0.tgz#71ee51fa7be4caec1a63839f7e682d8132d30caf"
  dependencies:
    js-tokens "^3.0.0 || ^4.0.0"

mini-signals@^1.2.0:
  version "1.2.0"
  resolved "https://registry.yarnpkg.com/mini-signals/-/mini-signals-1.2.0.tgz#45b08013c5fae51a24aa1a935cd317c9ed721d74"

object-assign@^4.1.1:
  version "4.1.1"
  resolved "https://registry.yarnpkg.com/object-assign/-/object-assign-4.1.1.tgz#2109adc7965887cfc05cbbd442cac8bfbb360863"

parse-uri@^1.0.0:
  version "1.0.0"
  resolved "https://registry.yarnpkg.com/parse-uri/-/parse-uri-1.0.0.tgz#2872dcc22f1a797acde1583d8a0ac29552ddac20"

pixi.js@^5.2.0:
  version "5.2.0"
  resolved "https://registry.yarnpkg.com/pixi.js/-/pixi.js-5.2.0.tgz#097eb90825cd28e40230c779998876d575d02b69"
  dependencies:
    "@pixi/accessibility" "^5.2.0"
    "@pixi/app" "^5.2.0"
    "@pixi/constants" "^5.2.0"
    "@pixi/core" "^5.2.0"
    "@pixi/display" "^5.2.0"
    "@pixi/extract" "^5.2.0"
    "@pixi/filter-alpha" "^5.2.0"
    "@pixi/filter-blur" "^5.2.0"
    "@pixi/filter-color-matrix" "^5.2.0"
    "@pixi/filter-displacement" "^5.2.0"
    "@pixi/filter-fxaa" "^5.2.0"
    "@pixi/filter-noise" "^5.2.0"
    "@pixi/graphics" "^5.2.0"
    "@pixi/interaction" "^5.2.0"
    "@pixi/loaders" "^5.2.0"
    "@pixi/math" "^5.2.0"
    "@pixi/mesh" "^5.2.0"
    "@pixi/mesh-extras" "^5.2.0"
    "@pixi/mixin-cache-as-bitmap" "^5.2.0"
    "@pixi/mixin-get-child-by-name" "^5.2.0"
    "@pixi/mixin-get-global-position" "^5.2.0"
    "@pixi/particles" "^5.2.0"
    "@pixi/polyfill" "^5.2.0"
    "@pixi/prepare" "^5.2.0"
    "@pixi/runner" "^5.2.0"
    "@pixi/settings" "^5.2.0"
    "@pixi/sprite" "^5.2.0"
    "@pixi/sprite-animated" "^5.2.0"
    "@pixi/sprite-tiling" "^5.2.0"
    "@pixi/spritesheet" "^5.2.0"
    "@pixi/text" "^5.2.0"
    "@pixi/text-bitmap" "^5.2.0"
    "@pixi/ticker" "^5.2.0"
    "@pixi/utils" "^5.2.0"

prop-types@^15.6.2:
  version "15.7.2"
  resolved "https://registry.yarnpkg.com/prop-types/-/prop-types-15.7.2.tgz#52c41e75b8c87e72b9d9360e0206b99dcbffa6c5"
  dependencies:
    loose-envify "^1.4.0"
    object-assign "^4.1.1"
    react-is "^16.8.1"

punycode@1.3.2:
  version "1.3.2"
  resolved "https://registry.yarnpkg.com/punycode/-/punycode-1.3.2.tgz#9653a036fb7c1ee42342f2325cceefea3926c48d"

querystring@0.2.0:
  version "0.2.0"
  resolved "https://registry.yarnpkg.com/querystring/-/querystring-0.2.0.tgz#b209849203bb25df820da756e747005878521620"

react-is@^16.7.0, react-is@^16.8.1:
  version "16.12.0"
  resolved "https://registry.yarnpkg.com/react-is/-/react-is-16.12.0.tgz#2cc0fe0fba742d97fd527c42a13bec4eeb06241c"

react-leaflet@^2.6.1:
  version "2.6.1"
  resolved "https://registry.yarnpkg.com/react-leaflet/-/react-leaflet-2.6.1.tgz#e5d6514d2358c51a28e614b8a0ddf8dca56e7179"
  dependencies:
    "@babel/runtime" "^7.7.6"
    fast-deep-equal "^3.1.1"
    hoist-non-react-statics "^3.3.1"
    warning "^4.0.3"

react@^16.12.0:
  version "16.12.0"
  resolved "https://registry.yarnpkg.com/react/-/react-16.12.0.tgz#0c0a9c6a142429e3614834d5a778e18aa78a0b83"
  dependencies:
    loose-envify "^1.1.0"
    object-assign "^4.1.1"
    prop-types "^15.6.2"

regenerator-runtime@^0.13.2:
  version "0.13.3"
  resolved "https://registry.yarnpkg.com/regenerator-runtime/-/regenerator-runtime-0.13.3.tgz#7cf6a77d8f5c6f60eb73c5fc1955b2ceb01e6bf5"

resource-loader@^3.0.1:
  version "3.0.1"
  resolved "https://registry.yarnpkg.com/resource-loader/-/resource-loader-3.0.1.tgz#33355bb5421e2994f59454bbc7f6dbff8df06d47"
  dependencies:
    mini-signals "^1.2.0"
    parse-uri "^1.0.0"

url@^0.11.0:
  version "0.11.0"
  resolved "https://registry.yarnpkg.com/url/-/url-0.11.0.tgz#3838e97cfc60521eb73c525a8e55bfdd9e2e28f1"
  dependencies:
    punycode "1.3.2"
    querystring "0.2.0"

use-leaflet@^1.6.1:
  version "1.6.1"
  resolved "https://registry.yarnpkg.com/use-leaflet/-/use-leaflet-1.6.1.tgz#704d5056be46bc8cdd81d3d6f5778cd0ce534422"

warning@^4.0.3:
  version "4.0.3"
  resolved "https://registry.yarnpkg.com/warning/-/warning-4.0.3.tgz#16e9e077eb8a86d6af7d64aa1e05fd85b4678ca3"
  dependencies:
    loose-envify "^1.0.0"
